
Microsoft Visual Studio Solution File, Format Version 12.00
# Visual Studio Version 17
VisualStudioVersion = 17.3.32804.467
MinimumVisualStudioVersion = 10.0.40219.1
Project("{FAE04EC0-301F-11D3-BF4B-00C04F79EFBC}") = "airlinereservation", "airlinereservation\airlinereservation.csproj", "{65AB027F-4F6F-4680-8175-94F7E48A26AE}"
EndProject
Global
	GlobalSection(SolutionConfigurationPlatforms) = preSolution
		Debug|Any CPU = Debug|Any CPU
		Release|Any CPU = Release|Any CPU
	EndGlobalSection
	GlobalSection(ProjectConfigurationPlatforms) = postSolution
		{65AB027F-4F6F-4680-8175-94F7E48A26AE}.Debug|Any CPU.ActiveCfg = Debug|Any CPU
		{65AB027F-4F6F-4680-8175-94F7E48A26AE}.Debug|Any CPU.Build.0 = Debug|Any CPU
		{65AB027F-4F6F-4680-8175-94F7E48A26AE}.Release|Any CPU.ActiveCfg = Release|Any CPU
		{65AB027F-4F6F-4680-8175-94F7E48A26AE}.Release|Any CPU.Build.0 = Release|Any CPU
	EndGlobalSection
	GlobalSection(SolutionProperties) = preSolution
		HideSolutionNode = FALSE
	EndGlobalSection
	GlobalSection(ExtensibilityGlobals) = postSolution
		SolutionGuid = {FFE2BEF1-4E13-4413-B6AA-B79DF9FB3604}
	EndGlobalSection
EndGlobal
